<?xml version="1.0" encoding="utf-8"?>
<Project ToolsVersion="4.0" xmlns="http://schemas.microsoft.com/developer/msbuild/2003">
  <ItemGroup>
    <Filter Include="IEngine">
      <UniqueIdentifier>{4df7bb6b-b4f5-4713-8a94-00fe7b5b1036}</UniqueIdentifier>
      <Extensions>namespace IEngine</Extensions>
    </Filter>
    <Filter Include="IEngine\Core">
      <UniqueIdentifier>{177cebbf-33f6-4465-bd1c-7022ecf365b5}</UniqueIdentifier>
    </Filter>
    <Filter Include="IEngine\Memory">
      <UniqueIdentifier>{8f0c1789-aeb6-4e6e-8c7c-a7648d2e35fd}</UniqueIdentifier>
    </Filter>
    <Filter Include="IEngine\Physics">
      <UniqueIdentifier>{51661939-a546-45b4-a71a-935bc0ddf3fd}</UniqueIdentifier>
    </Filter>
    <Filter Include="IEngine\Graphics">
      <UniqueIdentifier>{1c415991-db90-49ba-b83f-5fa8d464743c}</UniqueIdentifier>
    </Filter>
    <Filter Include="IEngine\SceneManagement">
      <UniqueIdentifier>{93ecffe1-f387-4d7b-8e20-38d8a0f31831}</UniqueIdentifier>
    </Filter>
    <Filter Include="IEngine\MacroBehaviour">
      <UniqueIdentifier>{d8cc355c-3283-458c-9e2d-b61dec8056c3}</UniqueIdentifier>
    </Filter>
    <Filter Include="IEngine\Core\Objects">
      <UniqueIdentifier>{20b33b14-5674-4cf0-9d0b-a261cff9471f}</UniqueIdentifier>
    </Filter>
    <Filter Include="IEngine\Components">
      <UniqueIdentifier>{7db909d3-ad37-4fca-a40b-3c16cd6b61c8}</UniqueIdentifier>
    </Filter>
    <Filter Include="IEngine\Components\Graphics">
      <UniqueIdentifier>{f113919a-f544-4071-ae8b-6259475c478e}</UniqueIdentifier>
    </Filter>
    <Filter Include="IEngine\DataTypes">
      <UniqueIdentifier>{205f78b4-9b52-42b7-a9b6-b93bd5f9c661}</UniqueIdentifier>
    </Filter>
    <Filter Include="IEngine\Utils">
      <UniqueIdentifier>{96e66f8c-d901-4055-b694-f76665325b8b}</UniqueIdentifier>
    </Filter>
    <Filter Include="IEngine\Proxies">
      <UniqueIdentifier>{68186281-ccec-41d7-be77-4fcaebf9270a}</UniqueIdentifier>
    </Filter>
    <Filter Include="IEngine\Math">
      <UniqueIdentifier>{64b7ef98-e826-4e02-b1fb-0087aaeaa97b}</UniqueIdentifier>
    </Filter>
  </ItemGroup>
  <ItemGroup>
    <ClCompile Include="Main.h">
      <Filter>IEngine</Filter>
    </ClCompile>
    <ClCompile Include="Pointer.h">
      <Filter>IEngine\Memory</Filter>
    </ClCompile>
    <ClCompile Include="Application.cpp">
      <Filter>IEngine\Core</Filter>
    </ClCompile>
    <ClCompile Include="Graphics.h">
      <Filter>IEngine\Graphics</Filter>
    </ClCompile>
    <ClCompile Include="Graphics.cpp">
      <Filter>IEngine\Graphics</Filter>
    </ClCompile>
    <ClCompile Include="Scene.cpp">
      <Filter>IEngine\SceneManagement</Filter>
    </ClCompile>
    <ClCompile Include="SceneManager.cpp">
      <Filter>IEngine\SceneManagement</Filter>
    </ClCompile>
    <ClCompile Include="Object.cpp">
      <Filter>IEngine\Core\Objects</Filter>
    </ClCompile>
    <ClCompile Include="GameObject.cpp">
      <Filter>IEngine\Core\Objects</Filter>
    </ClCompile>
    <ClCompile Include="Debug.cpp">
      <Filter>IEngine\Utils</Filter>
    </ClCompile>
    <ClCompile Include="ObjectHandler.cpp">
      <Filter>IEngine\Core</Filter>
    </ClCompile>
    <ClCompile Include="SpriteRenderer.cpp">
      <Filter>IEngine\Components\Graphics</Filter>
    </ClCompile>
    <ClCompile Include="Component.cpp">
      <Filter>IEngine\Core</Filter>
    </ClCompile>
    <ClCompile Include="Transform.cpp">
      <Filter>IEngine\Components</Filter>
    </ClCompile>
    <ClCompile Include="Vector2.h">
      <Filter>IEngine\Math</Filter>
    </ClCompile>
    <ClCompile Include="Random.cpp">
      <Filter>IEngine\Utils</Filter>
    </ClCompile>
    <ClCompile Include="Time.cpp">
      <Filter>IEngine\Utils</Filter>
    </ClCompile>
    <ClCompile Include="Input.cpp">
      <Filter>IEngine\Utils</Filter>
    </ClCompile>
  </ItemGroup>
  <ItemGroup>
    <ClInclude Include="Application.h">
      <Filter>IEngine\Core</Filter>
    </ClInclude>
    <ClInclude Include="Component.h">
      <Filter>IEngine\Core</Filter>
    </ClInclude>
    <ClInclude Include="PointerControlBlock.h">
      <Filter>IEngine\Memory</Filter>
    </ClInclude>
    <ClInclude Include="Scene.h">
      <Filter>IEngine\SceneManagement</Filter>
    </ClInclude>
    <ClInclude Include="SceneManager.h">
      <Filter>IEngine\SceneManagement</Filter>
    </ClInclude>
    <ClInclude Include="FOREACH.h">
      <Filter>IEngine\MacroBehaviour</Filter>
    </ClInclude>
    <ClInclude Include="Object.h">
      <Filter>IEngine\Core\Objects</Filter>
    </ClInclude>
    <ClInclude Include="SerializableBehaviour.h">
      <Filter>IEngine\Core\Objects</Filter>
    </ClInclude>
    <ClInclude Include="GameObject.h">
      <Filter>IEngine\Core\Objects</Filter>
    </ClInclude>
    <ClInclude Include="SpriteRenderer.h">
      <Filter>IEngine\Components\Graphics</Filter>
    </ClInclude>
    <ClInclude Include="Texture2D.h">
      <Filter>IEngine\DataTypes</Filter>
    </ClInclude>
    <ClInclude Include="Debug.h">
      <Filter>IEngine\Utils</Filter>
    </ClInclude>
    <ClInclude Include="ObjectHandler.h">
      <Filter>IEngine\Core</Filter>
    </ClInclude>
    <ClInclude Include="JsonConverter.h">
      <Filter>IEngine\Utils</Filter>
    </ClInclude>
    <ClInclude Include="Transform.h">
      <Filter>IEngine\Components</Filter>
    </ClInclude>
    <ClInclude Include="GetSet.h">
      <Filter>IEngine\Proxies</Filter>
    </ClInclude>
    <ClInclude Include="Event.h">
      <Filter>IEngine\Core</Filter>
    </ClInclude>
    <ClInclude Include="Random.h">
      <Filter>IEngine\Utils</Filter>
    </ClInclude>
    <ClInclude Include="Time.h">
      <Filter>IEngine\Utils</Filter>
    </ClInclude>
    <ClInclude Include="Input.h">
      <Filter>IEngine\Utils</Filter>
    </ClInclude>
  </ItemGroup>
</Project>