<?xml version="1.0" encoding="utf-8"?>
<Project ToolsVersion="4.0" xmlns="http://schemas.microsoft.com/developer/msbuild/2003">
  <ItemGroup>
    <Filter Include="IEngine">
      <UniqueIdentifier>{4df7bb6b-b4f5-4713-8a94-00fe7b5b1036}</UniqueIdentifier>
      <Extensions>namespace IEngine</Extensions>
    </Filter>
    <Filter Include="IEngine\Core">
      <UniqueIdentifier>{177cebbf-33f6-4465-bd1c-7022ecf365b5}</UniqueIdentifier>
    </Filter>
    <Filter Include="IEngine\Memory">
      <UniqueIdentifier>{8f0c1789-aeb6-4e6e-8c7c-a7648d2e35fd}</UniqueIdentifier>
    </Filter>
    <Filter Include="IEngine\Physics">
      <UniqueIdentifier>{51661939-a546-45b4-a71a-935bc0ddf3fd}</UniqueIdentifier>
    </Filter>
    <Filter Include="IEngine\Graphics">
      <UniqueIdentifier>{1c415991-db90-49ba-b83f-5fa8d464743c}</UniqueIdentifier>
    </Filter>
    <Filter Include="IEngine\SceneManagement">
      <UniqueIdentifier>{93ecffe1-f387-4d7b-8e20-38d8a0f31831}</UniqueIdentifier>
    </Filter>
  </ItemGroup>
  <ItemGroup>
    <ClCompile Include="Object.cpp">
      <Filter>IEngine\Core</Filter>
    </ClCompile>
    <ClCompile Include="GameObject.cpp">
      <Filter>IEngine\Core</Filter>
    </ClCompile>
    <ClCompile Include="Main.h">
      <Filter>IEngine</Filter>
    </ClCompile>
    <ClCompile Include="Pointer.h">
      <Filter>IEngine\Memory</Filter>
    </ClCompile>
    <ClCompile Include="Application.cpp">
      <Filter>IEngine\Core</Filter>
    </ClCompile>
    <ClCompile Include="Graphics.h">
      <Filter>IEngine\Graphics</Filter>
    </ClCompile>
    <ClCompile Include="Graphics.cpp">
      <Filter>IEngine\Graphics</Filter>
    </ClCompile>
    <ClCompile Include="Scene.cpp">
      <Filter>IEngine\SceneManagement</Filter>
    </ClCompile>
    <ClCompile Include="ObjectHandler.cpp" />
    <ClCompile Include="SceneManager.cpp">
      <Filter>IEngine\SceneManagement</Filter>
    </ClCompile>
  </ItemGroup>
  <ItemGroup>
    <ClInclude Include="Object.h">
      <Filter>IEngine\Core</Filter>
    </ClInclude>
    <ClInclude Include="GameObject.h">
      <Filter>IEngine\Core</Filter>
    </ClInclude>
    <ClInclude Include="Application.h">
      <Filter>IEngine\Core</Filter>
    </ClInclude>
    <ClInclude Include="Component.h">
      <Filter>IEngine\Core</Filter>
    </ClInclude>
    <ClInclude Include="PointerControlBlock.h">
      <Filter>IEngine\Memory</Filter>
    </ClInclude>
    <ClInclude Include="Scene.h">
      <Filter>IEngine\SceneManagement</Filter>
    </ClInclude>
    <ClInclude Include="ObjectHandler.h" />
    <ClInclude Include="Event.h">
      <Filter>IEngine\Core</Filter>
    </ClInclude>
    <ClInclude Include="SceneManager.h">
      <Filter>IEngine\SceneManagement</Filter>
    </ClInclude>
  </ItemGroup>
</Project>